
Microsoft Visual Studio Solution File, Format Version 12.00
# Visual Studio Version 16
VisualStudioVersion = 25.0.1705.0
MinimumVisualStudioVersion = 10.0.40219.1
Project("{FAE04EC0-301F-11D3-BF4B-00C04F79EFBC}") = "KW_Breakfast", "KW_Breakfast\KW_Breakfast.csproj", "{B36FA5EA-B485-452A-9BCB-DA5CA5D371B2}"
EndProject
Project("{FAE04EC0-301F-11D3-BF4B-00C04F79EFBC}") = "KW_Breakfast.Contracts", "KW_Breakfast.Contracts\KW_Breakfast.Contracts.csproj", "{7A26770A-6671-4003-B391-BEBF59F3C9FA}"
EndProject
Global
	GlobalSection(SolutionConfigurationPlatforms) = preSolution
		Debug|Any CPU = Debug|Any CPU
		Release|Any CPU = Release|Any CPU
	EndGlobalSection
	GlobalSection(ProjectConfigurationPlatforms) = postSolution
		{B36FA5EA-B485-452A-9BCB-DA5CA5D371B2}.Debug|Any CPU.ActiveCfg = Debug|Any CPU
		{B36FA5EA-B485-452A-9BCB-DA5CA5D371B2}.Debug|Any CPU.Build.0 = Debug|Any CPU
		{B36FA5EA-B485-452A-9BCB-DA5CA5D371B2}.Release|Any CPU.ActiveCfg = Release|Any CPU
		{B36FA5EA-B485-452A-9BCB-DA5CA5D371B2}.Release|Any CPU.Build.0 = Release|Any CPU
		{7A26770A-6671-4003-B391-BEBF59F3C9FA}.Debug|Any CPU.ActiveCfg = Debug|Any CPU
		{7A26770A-6671-4003-B391-BEBF59F3C9FA}.Debug|Any CPU.Build.0 = Debug|Any CPU
		{7A26770A-6671-4003-B391-BEBF59F3C9FA}.Release|Any CPU.ActiveCfg = Release|Any CPU
		{7A26770A-6671-4003-B391-BEBF59F3C9FA}.Release|Any CPU.Build.0 = Release|Any CPU
	EndGlobalSection
	GlobalSection(SolutionProperties) = preSolution
		HideSolutionNode = FALSE
	EndGlobalSection
	GlobalSection(ExtensibilityGlobals) = postSolution
		SolutionGuid = {6B4BCD31-C9AA-419A-9060-E17C263B0E96}
	EndGlobalSection
EndGlobal
